# Environnement runtime validé le 2026-07-25.
# Ce verrou fixe les dépendances directes influençant l'inférence. Le manifeste
# de modèle enregistre en plus les versions réellement chargées à la release.
#
# CIBLE : PYTHON 3.11 — l'image `python:3.11-slim` du Dockerfile, et elle seule.
# scikit-learn 1.9.0 et scipy 1.17.1 exigent `Requires-Python >= 3.11` : ce
# verrou n'est PAS installable sur le plancher 3.10 déclaré par
# `pyproject.toml`, qui ne concerne que l'environnement de développement et la
# matrice de tests. Ne jamais l'installer hors du conteneur.
#
# REGÉNÉRATION — obligatoirement dans l'image d'exécution, sans quoi le
# manifeste du modèle et ce verrou divergent et l'artefact devient
# inchargeable (`validate_model_manifest` exige l'égalité exacte des versions) :
#     make lock-runtime
annotated-doc==0.0.5
annotated-types==0.8.0
anyio==4.14.2
click==8.4.2
et_xmlfile==2.0.0
fastapi==0.141.1
h11==0.16.0
httptools==0.8.0
idna==3.18
joblib==1.5.3
loguru==0.7.3
narwhals==2.24.0
numpy==2.4.6
openpyxl==3.1.5
packaging==26.2
pandas==3.0.5
pydantic==2.13.4
pydantic_core==2.46.4
python-dateutil==2.9.0.post0
python-dotenv==1.2.2
PyYAML==6.0.3
scikit-learn==1.9.0
scipy==1.17.1
six==1.17.0
starlette==1.3.1
threadpoolctl==3.6.0
typing-inspection==0.4.2
typing_extensions==4.16.0
uvicorn==0.52.0
uvloop==0.22.1
watchfiles==1.2.0
websockets==17.0
